<?xml version="1.0" encoding="utf-8"?>
<Project ToolsVersion="4.0" xmlns="http://schemas.microsoft.com/developer/msbuild/2003">
  <ItemGroup>
    <Filter Include="Quelldateien">
      <UniqueIdentifier>{4FC737F1-C7A5-4376-A066-2A32D752A2FF}</UniqueIdentifier>
      <Extensions>cpp;c;cc;cxx;def;odl;idl;hpj;bat;asm;asmx</Extensions>
    </Filter>
    <Filter Include="Headerdateien">
      <UniqueIdentifier>{93995380-89BD-4b04-88EB-625FBE52EBFB}</UniqueIdentifier>
      <Extensions>h;hh;hpp;hxx;hm;inl;inc;xsd</Extensions>
    </Filter>
    <Filter Include="Ressourcendateien">
      <UniqueIdentifier>{67DA6AB6-F800-4c08-8B7A-83BB121AAD01}</UniqueIdentifier>
      <Extensions>rc;ico;cur;bmp;dlg;rc2;rct;bin;rgs;gif;jpg;jpeg;jpe;resx;tiff;tif;png;wav;mfcribbon-ms</Extensions>
    </Filter>
    <Filter Include="Training">
      <UniqueIdentifier>{a2fc0d3c-9be2-4a9c-89cd-04e15529e2b1}</UniqueIdentifier>
    </Filter>
    <Filter Include="Helpers">
      <UniqueIdentifier>{59c62f55-6434-4bdb-b245-a8df336c6857}</UniqueIdentifier>
    </Filter>
  </ItemGroup>
  <ItemGroup>
    <ClInclude Include="stdafx.h">
      <Filter>Headerdateien</Filter>
    </ClInclude>
    <ClInclude Include="targetver.h">
      <Filter>Headerdateien</Filter>
    </ClInclude>
    <ClInclude Include="NeuroNetBase.h">
      <Filter>Headerdateien</Filter>
    </ClInclude>
    <ClInclude Include="ActivationFunctions.h">
      <Filter>Headerdateien</Filter>
    </ClInclude>
    <ClInclude Include="BackPropagation.h">
      <Filter>Training</Filter>
    </ClInclude>
    <ClInclude Include="NeuroNetTrainingWrapper.h">
      <Filter>Training</Filter>
    </ClInclude>
    <ClInclude Include="EvolutionTrainer.h">
      <Filter>Training</Filter>
    </ClInclude>
    <ClInclude Include="TrainingSet.h">
      <Filter>Training</Filter>
    </ClInclude>
    <ClInclude Include="RandomHelper.h">
      <Filter>Helpers</Filter>
    </ClInclude>
    <ClInclude Include="ISelfCreator.h">
      <Filter>Helpers</Filter>
    </ClInclude>
    <ClInclude Include="ConsoleDrawHelper.h">
      <Filter>Headerdateien</Filter>
    </ClInclude>
  </ItemGroup>
  <ItemGroup>
    <ClCompile Include="stdafx.cpp">
      <Filter>Quelldateien</Filter>
    </ClCompile>
    <ClCompile Include="NeuroNets.cpp">
      <Filter>Quelldateien</Filter>
    </ClCompile>
    <ClCompile Include="NeuroNetBase.inl">
      <Filter>Quelldateien</Filter>
    </ClCompile>
    <ClCompile Include="EvolutionTrainer.inl">
      <Filter>Training</Filter>
    </ClCompile>
    <ClCompile Include="RandomHelper.cpp">
      <Filter>Helpers</Filter>
    </ClCompile>
    <ClCompile Include="ISelfCreator.inl">
      <Filter>Helpers</Filter>
    </ClCompile>
    <ClCompile Include="ConsoleDrawHelper.cpp">
      <Filter>Quelldateien</Filter>
    </ClCompile>
  </ItemGroup>
  <ItemGroup>
    <None Include="BackPropagation" />
    <None Include="BackPropagation.inl">
      <Filter>Training</Filter>
    </None>
    <None Include="TrainingSet.inl">
      <Filter>Training</Filter>
    </None>
  </ItemGroup>
</Project>